{
  "version": 4,
  "terraform_version": "1.9.8",
  "serial": 26,
  "lineage": "00eec715-c958-4d60-ee77-652730b5bc54",
  "outputs": {
    "traefik_port": {
      "value": [
        {
          "external": 80,
          "internal": 80,
          "ip": "0.0.0.0",
          "protocol": "tcp"
        },
        {
          "external": 443,
          "internal": 443,
          "ip": "0.0.0.0",
          "protocol": "tcp"
        }
      ],
      "type": [
        "list",
        [
          "object",
          {
            "external": "number",
            "internal": "number",
            "ip": "string",
            "protocol": "string"
          }
        ]
      ]
    }
  },
  "resources": [
    {
      "module": "module.mysql",
      "mode": "managed",
      "type": "docker_image",
      "name": "mysql",
      "provider": "provider[\"registry.terraform.io/kreuzwerker/docker\"]",
      "instances": [
        {
          "schema_version": 0,
          "attributes": {
            "build": [],
            "force_remove": null,
            "id": "sha256:be960704dfac8744a2e2df80c90087551a998ac008916b9d1423d7b0c5ee33eamysql:latest",
            "image_id": "sha256:be960704dfac8744a2e2df80c90087551a998ac008916b9d1423d7b0c5ee33ea",
            "keep_locally": null,
            "latest": "sha256:be960704dfac8744a2e2df80c90087551a998ac008916b9d1423d7b0c5ee33ea",
            "name": "mysql:latest",
            "output": null,
            "platform": null,
            "pull_trigger": null,
            "pull_triggers": null,
            "repo_digest": "mysql@sha256:fd8d1b4e287c49e1e35eb5a103f337111947662130eb8a3e6c3e823813f47f7d",
            "triggers": null
          },
          "sensitive_attributes": [],
          "private": "bnVsbA=="
        }
      ]
    },
    {
      "module": "module.nginx",
      "mode": "managed",
      "type": "docker_image",
      "name": "nginx",
      "provider": "provider[\"registry.terraform.io/kreuzwerker/docker\"]",
      "instances": [
        {
          "schema_version": 0,
          "attributes": {
            "build": [],
            "force_remove": null,
            "id": "sha256:3b25b682ea82b2db3cc4fd48db818be788ee3f902ac7378090cf2624ec2442dfnginx:latest",
            "image_id": "sha256:3b25b682ea82b2db3cc4fd48db818be788ee3f902ac7378090cf2624ec2442df",
            "keep_locally": null,
            "latest": "sha256:3b25b682ea82b2db3cc4fd48db818be788ee3f902ac7378090cf2624ec2442df",
            "name": "nginx:latest",
            "output": null,
            "platform": null,
            "pull_trigger": null,
            "pull_triggers": null,
            "repo_digest": "nginx@sha256:28402db69fec7c17e179ea87882667f1e054391138f77ffaf0c3eb388efc3ffb",
            "triggers": null
          },
          "sensitive_attributes": [],
          "private": "bnVsbA=="
        }
      ]
    },
    {
      "module": "module.nodejs",
      "mode": "managed",
      "type": "docker_image",
      "name": "nodejs",
      "provider": "provider[\"registry.terraform.io/kreuzwerker/docker\"]",
      "instances": [
        {
          "schema_version": 0,
          "attributes": {
            "build": [],
            "force_remove": null,
            "id": "sha256:78f481c4b4072180a74b0b55be3971b3d6ba41df496e7ee0238ed75dcc16b7e9node:latest",
            "image_id": "sha256:78f481c4b4072180a74b0b55be3971b3d6ba41df496e7ee0238ed75dcc16b7e9",
            "keep_locally": null,
            "latest": "sha256:78f481c4b4072180a74b0b55be3971b3d6ba41df496e7ee0238ed75dcc16b7e9",
            "name": "node:latest",
            "output": null,
            "platform": null,
            "pull_trigger": null,
            "pull_triggers": null,
            "repo_digest": "node@sha256:9d09fa506f5b8465c5221cbd6f980e29ae0ce9a3119e2b9bc0842e6a3f37bb59",
            "triggers": null
          },
          "sensitive_attributes": [],
          "private": "bnVsbA=="
        }
      ]
    },
    {
      "module": "module.redis",
      "mode": "managed",
      "type": "docker_image",
      "name": "redis",
      "provider": "provider[\"registry.terraform.io/kreuzwerker/docker\"]",
      "instances": [
        {
          "schema_version": 0,
          "attributes": {
            "build": [],
            "force_remove": null,
            "id": "sha256:f02a7f56692880b88d5fabe631da5547ae1d8c30d7050c3d004347a9fa5e5a3credis:latest",
            "image_id": "sha256:f02a7f56692880b88d5fabe631da5547ae1d8c30d7050c3d004347a9fa5e5a3c",
            "keep_locally": null,
            "latest": "sha256:f02a7f56692880b88d5fabe631da5547ae1d8c30d7050c3d004347a9fa5e5a3c",
            "name": "redis:latest",
            "output": null,
            "platform": null,
            "pull_trigger": null,
            "pull_triggers": null,
            "repo_digest": "redis@sha256:a06cea905344470eb49c972f3d030e22f28f632c1b4f43bbe4a26a4329dd6be5",
            "triggers": null
          },
          "sensitive_attributes": [],
          "private": "bnVsbA=="
        }
      ]
    },
    {
      "module": "module.traefik",
      "mode": "managed",
      "type": "docker_image",
      "name": "traefik",
      "provider": "provider[\"registry.terraform.io/kreuzwerker/docker\"]",
      "instances": [
        {
          "schema_version": 0,
          "attributes": {
            "build": [],
            "force_remove": null,
            "id": "sha256:8a77d0f20449bbe2c1a2f3577d2bf59e00bb439ec70244382a98094a3c5ac809traefik:latest",
            "image_id": "sha256:8a77d0f20449bbe2c1a2f3577d2bf59e00bb439ec70244382a98094a3c5ac809",
            "keep_locally": null,
            "latest": "sha256:8a77d0f20449bbe2c1a2f3577d2bf59e00bb439ec70244382a98094a3c5ac809",
            "name": "traefik:latest",
            "output": null,
            "platform": null,
            "pull_trigger": null,
            "pull_triggers": null,
            "repo_digest": "traefik@sha256:66e37237b371f2b25ce5f247cc371976929dcb18c041e05685f1de1df6422b72",
            "triggers": null
          },
          "sensitive_attributes": [],
          "private": "bnVsbA=="
        }
      ]
    },
    {
      "module": "module.traefik",
      "mode": "managed",
      "type": "docker_network",
      "name": "traefik_network",
      "provider": "provider[\"registry.terraform.io/kreuzwerker/docker\"]",
      "instances": [
        {
          "schema_version": 1,
          "attributes": {
            "attachable": false,
            "check_duplicate": null,
            "driver": "bridge",
            "id": "5ab6d4f894bbfa9e16acd3f480e2f4bc07bfe3024be25271ef7612ee0c08d1b8",
            "ingress": false,
            "internal": false,
            "ipam_config": [
              {
                "aux_address": {},
                "gateway": "172.19.0.1",
                "ip_range": "",
                "subnet": "172.19.0.0/16"
              }
            ],
            "ipam_driver": "default",
            "ipam_options": {},
            "ipv6": false,
            "labels": [],
            "name": "traefik_network",
            "options": {},
            "scope": "local"
          },
          "sensitive_attributes": [],
          "private": "eyJzY2hlbWFfdmVyc2lvbiI6IjEifQ=="
        }
      ]
    }
  ],
  "check_results": null
}
